
Microsoft Visual Studio Solution File, Format Version 12.00
# Visual Studio 15
VisualStudioVersion = 15.0.26430.16
MinimumVisualStudioVersion = 10.0.40219.1
Project("{FAE04EC0-301F-11D3-BF4B-00C04F79EFBC}") = "CloudData", "CloudData\CloudData.csproj", "{13A45C13-3265-47B8-BC48-A553B569DF55}"
EndProject
Project("{FAE04EC0-301F-11D3-BF4B-00C04F79EFBC}") = "Assembly-CSharp", "C:\Users\Guangyan Shen\Desktop\CloudData\App\GeneratedProjects\UWP\Assembly-CSharp\Assembly-CSharp.csproj", "{604A8911-4177-46CF-8B7F-B82898D48947}"
EndProject
Project("{FAE04EC0-301F-11D3-BF4B-00C04F79EFBC}") = "Assembly-CSharp-firstpass", "C:\Users\Guangyan Shen\Desktop\CloudData\App\GeneratedProjects\UWP\Assembly-CSharp-firstpass\Assembly-CSharp-firstpass.csproj", "{BC3A316B-FC05-4AE4-A92B-3D1BC8AB9148}"
EndProject
Global
	GlobalSection(SolutionConfigurationPlatforms) = preSolution
		Debug|ARM = Debug|ARM
		Debug|x64 = Debug|x64
		Debug|x86 = Debug|x86
		Master|ARM = Master|ARM
		Master|x64 = Master|x64
		Master|x86 = Master|x86
		Release|ARM = Release|ARM
		Release|x64 = Release|x64
		Release|x86 = Release|x86
	EndGlobalSection
	GlobalSection(ProjectConfigurationPlatforms) = postSolution
		{13A45C13-3265-47B8-BC48-A553B569DF55}.Debug|ARM.ActiveCfg = Debug|ARM
		{13A45C13-3265-47B8-BC48-A553B569DF55}.Debug|ARM.Build.0 = Debug|ARM
		{13A45C13-3265-47B8-BC48-A553B569DF55}.Debug|ARM.Deploy.0 = Debug|ARM
		{13A45C13-3265-47B8-BC48-A553B569DF55}.Debug|x64.ActiveCfg = Debug|x64
		{13A45C13-3265-47B8-BC48-A553B569DF55}.Debug|x64.Build.0 = Debug|x64
		{13A45C13-3265-47B8-BC48-A553B569DF55}.Debug|x64.Deploy.0 = Debug|x64
		{13A45C13-3265-47B8-BC48-A553B569DF55}.Debug|x86.ActiveCfg = Debug|x86
		{13A45C13-3265-47B8-BC48-A553B569DF55}.Debug|x86.Build.0 = Debug|x86
		{13A45C13-3265-47B8-BC48-A553B569DF55}.Debug|x86.Deploy.0 = Debug|x86
		{13A45C13-3265-47B8-BC48-A553B569DF55}.Master|ARM.ActiveCfg = Master|ARM
		{13A45C13-3265-47B8-BC48-A553B569DF55}.Master|ARM.Build.0 = Master|ARM
		{13A45C13-3265-47B8-BC48-A553B569DF55}.Master|ARM.Deploy.0 = Master|ARM
		{13A45C13-3265-47B8-BC48-A553B569DF55}.Master|x64.ActiveCfg = Master|x64
		{13A45C13-3265-47B8-BC48-A553B569DF55}.Master|x64.Build.0 = Master|x64
		{13A45C13-3265-47B8-BC48-A553B569DF55}.Master|x64.Deploy.0 = Master|x64
		{13A45C13-3265-47B8-BC48-A553B569DF55}.Master|x86.ActiveCfg = Master|x86
		{13A45C13-3265-47B8-BC48-A553B569DF55}.Master|x86.Build.0 = Master|x86
		{13A45C13-3265-47B8-BC48-A553B569DF55}.Master|x86.Deploy.0 = Master|x86
		{13A45C13-3265-47B8-BC48-A553B569DF55}.Release|ARM.ActiveCfg = Release|ARM
		{13A45C13-3265-47B8-BC48-A553B569DF55}.Release|ARM.Build.0 = Release|ARM
		{13A45C13-3265-47B8-BC48-A553B569DF55}.Release|ARM.Deploy.0 = Release|ARM
		{13A45C13-3265-47B8-BC48-A553B569DF55}.Release|x64.ActiveCfg = Release|x64
		{13A45C13-3265-47B8-BC48-A553B569DF55}.Release|x64.Build.0 = Release|x64
		{13A45C13-3265-47B8-BC48-A553B569DF55}.Release|x64.Deploy.0 = Release|x64
		{13A45C13-3265-47B8-BC48-A553B569DF55}.Release|x86.ActiveCfg = Release|x86
		{13A45C13-3265-47B8-BC48-A553B569DF55}.Release|x86.Build.0 = Release|x86
		{13A45C13-3265-47B8-BC48-A553B569DF55}.Release|x86.Deploy.0 = Release|x86
		{604A8911-4177-46CF-8B7F-B82898D48947}.Debug|ARM.ActiveCfg = Debug|ARM
		{604A8911-4177-46CF-8B7F-B82898D48947}.Debug|ARM.Build.0 = Debug|ARM
		{604A8911-4177-46CF-8B7F-B82898D48947}.Debug|x64.ActiveCfg = Debug|x64
		{604A8911-4177-46CF-8B7F-B82898D48947}.Debug|x64.Build.0 = Debug|x64
		{604A8911-4177-46CF-8B7F-B82898D48947}.Debug|x86.ActiveCfg = Debug|x86
		{604A8911-4177-46CF-8B7F-B82898D48947}.Debug|x86.Build.0 = Debug|x86
		{604A8911-4177-46CF-8B7F-B82898D48947}.Master|ARM.ActiveCfg = Master|ARM
		{604A8911-4177-46CF-8B7F-B82898D48947}.Master|ARM.Build.0 = Master|ARM
		{604A8911-4177-46CF-8B7F-B82898D48947}.Master|x64.ActiveCfg = Master|x64
		{604A8911-4177-46CF-8B7F-B82898D48947}.Master|x64.Build.0 = Master|x64
		{604A8911-4177-46CF-8B7F-B82898D48947}.Master|x86.ActiveCfg = Master|x86
		{604A8911-4177-46CF-8B7F-B82898D48947}.Master|x86.Build.0 = Master|x86
		{604A8911-4177-46CF-8B7F-B82898D48947}.Release|ARM.ActiveCfg = Release|ARM
		{604A8911-4177-46CF-8B7F-B82898D48947}.Release|ARM.Build.0 = Release|ARM
		{604A8911-4177-46CF-8B7F-B82898D48947}.Release|x64.ActiveCfg = Release|x64
		{604A8911-4177-46CF-8B7F-B82898D48947}.Release|x64.Build.0 = Release|x64
		{604A8911-4177-46CF-8B7F-B82898D48947}.Release|x86.ActiveCfg = Release|x86
		{604A8911-4177-46CF-8B7F-B82898D48947}.Release|x86.Build.0 = Release|x86
		{BC3A316B-FC05-4AE4-A92B-3D1BC8AB9148}.Debug|ARM.ActiveCfg = Debug|ARM
		{BC3A316B-FC05-4AE4-A92B-3D1BC8AB9148}.Debug|ARM.Build.0 = Debug|ARM
		{BC3A316B-FC05-4AE4-A92B-3D1BC8AB9148}.Debug|x64.ActiveCfg = Debug|x64
		{BC3A316B-FC05-4AE4-A92B-3D1BC8AB9148}.Debug|x64.Build.0 = Debug|x64
		{BC3A316B-FC05-4AE4-A92B-3D1BC8AB9148}.Debug|x86.ActiveCfg = Debug|x86
		{BC3A316B-FC05-4AE4-A92B-3D1BC8AB9148}.Debug|x86.Build.0 = Debug|x86
		{BC3A316B-FC05-4AE4-A92B-3D1BC8AB9148}.Master|ARM.ActiveCfg = Master|ARM
		{BC3A316B-FC05-4AE4-A92B-3D1BC8AB9148}.Master|ARM.Build.0 = Master|ARM
		{BC3A316B-FC05-4AE4-A92B-3D1BC8AB9148}.Master|x64.ActiveCfg = Master|x64
		{BC3A316B-FC05-4AE4-A92B-3D1BC8AB9148}.Master|x64.Build.0 = Master|x64
		{BC3A316B-FC05-4AE4-A92B-3D1BC8AB9148}.Master|x86.ActiveCfg = Master|x86
		{BC3A316B-FC05-4AE4-A92B-3D1BC8AB9148}.Master|x86.Build.0 = Master|x86
		{BC3A316B-FC05-4AE4-A92B-3D1BC8AB9148}.Release|ARM.ActiveCfg = Release|ARM
		{BC3A316B-FC05-4AE4-A92B-3D1BC8AB9148}.Release|ARM.Build.0 = Release|ARM
		{BC3A316B-FC05-4AE4-A92B-3D1BC8AB9148}.Release|x64.ActiveCfg = Release|x64
		{BC3A316B-FC05-4AE4-A92B-3D1BC8AB9148}.Release|x64.Build.0 = Release|x64
		{BC3A316B-FC05-4AE4-A92B-3D1BC8AB9148}.Release|x86.ActiveCfg = Release|x86
		{BC3A316B-FC05-4AE4-A92B-3D1BC8AB9148}.Release|x86.Build.0 = Release|x86
	EndGlobalSection
	GlobalSection(SolutionProperties) = preSolution
		HideSolutionNode = FALSE
	EndGlobalSection
EndGlobal
